
Microsoft Visual Studio Solution File, Format Version 12.00
# Visual Studio 15
VisualStudioVersion = 15.0.28010.0
MinimumVisualStudioVersion = 10.0.40219.1
Project("{FAE04EC0-301F-11D3-BF4B-00C04F79EFBC}") = "OCP", "OCP\OCP.csproj", "{C732EBB2-200C-4463-8082-0B50DC64D615}"
EndProject
Project("{FAE04EC0-301F-11D3-BF4B-00C04F79EFBC}") = "SRP", "SRP\SRP.csproj", "{7CFD561F-1DBE-4837-BCFD-276227A35D37}"
EndProject
Project("{FAE04EC0-301F-11D3-BF4B-00C04F79EFBC}") = "LSP", "LSP\LSP.csproj", "{B9343E9E-6DC0-498D-8E08-620465378A0B}"
EndProject
Project("{FAE04EC0-301F-11D3-BF4B-00C04F79EFBC}") = "ISP", "ISP\ISP.csproj", "{A71429FC-0736-4E79-9708-04C1CD4E9873}"
EndProject
Project("{FAE04EC0-301F-11D3-BF4B-00C04F79EFBC}") = "DIP", "DIP\DIP.csproj", "{FEAE2B24-7198-4368-8793-55DD5C27EBFA}"
EndProject
Global
	GlobalSection(SolutionConfigurationPlatforms) = preSolution
		Debug|Any CPU = Debug|Any CPU
		Release|Any CPU = Release|Any CPU
	EndGlobalSection
	GlobalSection(ProjectConfigurationPlatforms) = postSolution
		{C732EBB2-200C-4463-8082-0B50DC64D615}.Debug|Any CPU.ActiveCfg = Debug|Any CPU
		{C732EBB2-200C-4463-8082-0B50DC64D615}.Debug|Any CPU.Build.0 = Debug|Any CPU
		{C732EBB2-200C-4463-8082-0B50DC64D615}.Release|Any CPU.ActiveCfg = Release|Any CPU
		{C732EBB2-200C-4463-8082-0B50DC64D615}.Release|Any CPU.Build.0 = Release|Any CPU
		{7CFD561F-1DBE-4837-BCFD-276227A35D37}.Debug|Any CPU.ActiveCfg = Debug|Any CPU
		{7CFD561F-1DBE-4837-BCFD-276227A35D37}.Debug|Any CPU.Build.0 = Debug|Any CPU
		{7CFD561F-1DBE-4837-BCFD-276227A35D37}.Release|Any CPU.ActiveCfg = Release|Any CPU
		{7CFD561F-1DBE-4837-BCFD-276227A35D37}.Release|Any CPU.Build.0 = Release|Any CPU
		{B9343E9E-6DC0-498D-8E08-620465378A0B}.Debug|Any CPU.ActiveCfg = Debug|Any CPU
		{B9343E9E-6DC0-498D-8E08-620465378A0B}.Debug|Any CPU.Build.0 = Debug|Any CPU
		{B9343E9E-6DC0-498D-8E08-620465378A0B}.Release|Any CPU.ActiveCfg = Release|Any CPU
		{B9343E9E-6DC0-498D-8E08-620465378A0B}.Release|Any CPU.Build.0 = Release|Any CPU
		{A71429FC-0736-4E79-9708-04C1CD4E9873}.Debug|Any CPU.ActiveCfg = Debug|Any CPU
		{A71429FC-0736-4E79-9708-04C1CD4E9873}.Debug|Any CPU.Build.0 = Debug|Any CPU
		{A71429FC-0736-4E79-9708-04C1CD4E9873}.Release|Any CPU.ActiveCfg = Release|Any CPU
		{A71429FC-0736-4E79-9708-04C1CD4E9873}.Release|Any CPU.Build.0 = Release|Any CPU
		{FEAE2B24-7198-4368-8793-55DD5C27EBFA}.Debug|Any CPU.ActiveCfg = Debug|Any CPU
		{FEAE2B24-7198-4368-8793-55DD5C27EBFA}.Debug|Any CPU.Build.0 = Debug|Any CPU
		{FEAE2B24-7198-4368-8793-55DD5C27EBFA}.Release|Any CPU.ActiveCfg = Release|Any CPU
		{FEAE2B24-7198-4368-8793-55DD5C27EBFA}.Release|Any CPU.Build.0 = Release|Any CPU
	EndGlobalSection
	GlobalSection(SolutionProperties) = preSolution
		HideSolutionNode = FALSE
	EndGlobalSection
	GlobalSection(ExtensibilityGlobals) = postSolution
		SolutionGuid = {99150452-10FD-44A5-8FD9-804E1960AEF0}
	EndGlobalSection
EndGlobal
